
Microsoft Visual Studio Solution File, Format Version 12.00
# Visual Studio Version 17
VisualStudioVersion = 17.5.33502.453
MinimumVisualStudioVersion = 10.0.40219.1
Project("{9A19103F-16F7-4668-BE54-9A1E7A4F7556}") = "WeathermapApp", "WeathermapApp\WeathermapApp.csproj", "{EF9AC158-44D3-4A30-B26A-C94C9376B0EF}"
EndProject
Project("{9A19103F-16F7-4668-BE54-9A1E7A4F7556}") = "WeathermapApp.DAL", "WeathermapApp.DAL\WeathermapApp.DAL.csproj", "{8D01CBC1-EB2F-47B7-B90F-1200CA786003}"
EndProject
Project("{E53339B2-1760-4266-BCC7-CA923CBCF16C}") = "docker-compose", "docker-compose.dcproj", "{22FF87E0-9CF8-4DA6-9B37-2462B3C74F05}"
EndProject
Global
	GlobalSection(SolutionConfigurationPlatforms) = preSolution
		Debug|Any CPU = Debug|Any CPU
		Release|Any CPU = Release|Any CPU
	EndGlobalSection
	GlobalSection(ProjectConfigurationPlatforms) = postSolution
		{EF9AC158-44D3-4A30-B26A-C94C9376B0EF}.Debug|Any CPU.ActiveCfg = Debug|Any CPU
		{EF9AC158-44D3-4A30-B26A-C94C9376B0EF}.Debug|Any CPU.Build.0 = Debug|Any CPU
		{EF9AC158-44D3-4A30-B26A-C94C9376B0EF}.Release|Any CPU.ActiveCfg = Release|Any CPU
		{EF9AC158-44D3-4A30-B26A-C94C9376B0EF}.Release|Any CPU.Build.0 = Release|Any CPU
		{8D01CBC1-EB2F-47B7-B90F-1200CA786003}.Debug|Any CPU.ActiveCfg = Debug|Any CPU
		{8D01CBC1-EB2F-47B7-B90F-1200CA786003}.Debug|Any CPU.Build.0 = Debug|Any CPU
		{8D01CBC1-EB2F-47B7-B90F-1200CA786003}.Release|Any CPU.ActiveCfg = Release|Any CPU
		{8D01CBC1-EB2F-47B7-B90F-1200CA786003}.Release|Any CPU.Build.0 = Release|Any CPU
		{22FF87E0-9CF8-4DA6-9B37-2462B3C74F05}.Debug|Any CPU.ActiveCfg = Debug|Any CPU
		{22FF87E0-9CF8-4DA6-9B37-2462B3C74F05}.Debug|Any CPU.Build.0 = Debug|Any CPU
		{22FF87E0-9CF8-4DA6-9B37-2462B3C74F05}.Release|Any CPU.ActiveCfg = Release|Any CPU
		{22FF87E0-9CF8-4DA6-9B37-2462B3C74F05}.Release|Any CPU.Build.0 = Release|Any CPU
	EndGlobalSection
	GlobalSection(SolutionProperties) = preSolution
		HideSolutionNode = FALSE
	EndGlobalSection
	GlobalSection(ExtensibilityGlobals) = postSolution
		SolutionGuid = {17681D5F-A1FD-467D-9892-052FE5659D69}
	EndGlobalSection
EndGlobal
